
Microsoft Visual Studio Solution File, Format Version 12.00
# Visual Studio Version 16
VisualStudioVersion = 16.0.30320.27
MinimumVisualStudioVersion = 10.0.40219.1
Project("{9A19103F-16F7-4668-BE54-9A1E7A4F7556}") = "Client", "Client\Client.csproj", "{190D5AA5-7C25-4214-8FFE-2DF6DAD2CD9D}"
EndProject
Project("{9A19103F-16F7-4668-BE54-9A1E7A4F7556}") = "Server", "Server\Server.csproj", "{9E5F9388-117C-4020-9813-DE2895A1B31B}"
EndProject
Project("{2150E333-8FDC-42A3-9474-1A3956D46DE8}") = "MS_SQL_DataBase", "MS_SQL_DataBase", "{79768DE3-789C-45CC-B290-609EFA428B0B}"
	ProjectSection(SolutionItems) = preProject
		MS_SQL_DataBase\create_table.sql = MS_SQL_DataBase\create_table.sql
	EndProjectSection
EndProject
Project("{2150E333-8FDC-42A3-9474-1A3956D46DE8}") = "Task_2", "Task_2", "{5FD39BE6-1C7B-4824-9E4F-AAB5D9DADAFF}"
	ProjectSection(SolutionItems) = preProject
		Task_2\task_2_query.sql = Task_2\task_2_query.sql
	EndProjectSection
EndProject
Global
	GlobalSection(SolutionConfigurationPlatforms) = preSolution
		Debug|Any CPU = Debug|Any CPU
		Release|Any CPU = Release|Any CPU
	EndGlobalSection
	GlobalSection(ProjectConfigurationPlatforms) = postSolution
		{190D5AA5-7C25-4214-8FFE-2DF6DAD2CD9D}.Debug|Any CPU.ActiveCfg = Debug|Any CPU
		{190D5AA5-7C25-4214-8FFE-2DF6DAD2CD9D}.Debug|Any CPU.Build.0 = Debug|Any CPU
		{190D5AA5-7C25-4214-8FFE-2DF6DAD2CD9D}.Release|Any CPU.ActiveCfg = Release|Any CPU
		{190D5AA5-7C25-4214-8FFE-2DF6DAD2CD9D}.Release|Any CPU.Build.0 = Release|Any CPU
		{9E5F9388-117C-4020-9813-DE2895A1B31B}.Debug|Any CPU.ActiveCfg = Debug|Any CPU
		{9E5F9388-117C-4020-9813-DE2895A1B31B}.Debug|Any CPU.Build.0 = Debug|Any CPU
		{9E5F9388-117C-4020-9813-DE2895A1B31B}.Release|Any CPU.ActiveCfg = Release|Any CPU
		{9E5F9388-117C-4020-9813-DE2895A1B31B}.Release|Any CPU.Build.0 = Release|Any CPU
	EndGlobalSection
	GlobalSection(SolutionProperties) = preSolution
		HideSolutionNode = FALSE
	EndGlobalSection
	GlobalSection(ExtensibilityGlobals) = postSolution
		SolutionGuid = {24985E49-2FB8-413B-A984-02269D47461D}
	EndGlobalSection
EndGlobal
